
Microsoft Visual Studio Solution File, Format Version 12.00
# Visual Studio 2012
Project("{FAE04EC0-301F-11D3-BF4B-00C04F79EFBC}") = "g0nnaL4ugh", "g0nnaL4ugh.csproj", "{50E253C6-7B80-4D8E-A7BC-F98F0F248F05}"
EndProject
Global
	GlobalSection(SolutionConfigurationPlatforms) = preSolution
		Debug|x86 = Debug|x86
		Release|x86 = Release|x86
	EndGlobalSection
	GlobalSection(ProjectConfigurationPlatforms) = postSolution
		{50E253C6-7B80-4D8E-A7BC-F98F0F248F05}.Debug|x86.ActiveCfg = Debug|x86
		{50E253C6-7B80-4D8E-A7BC-F98F0F248F05}.Debug|x86.Build.0 = Debug|x86
		{50E253C6-7B80-4D8E-A7BC-F98F0F248F05}.Release|x86.ActiveCfg = Release|x86
		{50E253C6-7B80-4D8E-A7BC-F98F0F248F05}.Release|x86.Build.0 = Release|x86
	EndGlobalSection
	GlobalSection(MonoDevelopProperties) = preSolution
		Policies = $0
		$0.TextStylePolicy = $1
		$1.FileWidth = 80
		$1.TabsToSpaces = True
		$1.NoTabsAfterNonTabs = True
		$1.EolMarker = Unix
		$1.scope = text/plain
	EndGlobalSection
EndGlobal
